#MicroXplorer Configuration settings - do not modify
Mcu.Family=STM32F1
NVIC.USART3_IRQn=true\:5\:0\:false\:false\:true\:true\:true\:true
ProjectManager.MainLocation=Core/Src
PA2.GPIO_PuPd=GPIO_NOPULL
RCC.MCOFreq_Value=64000000
USART2.IPParameters=VirtualMode
ProjectManager.KeepUserCode=true
Mcu.UserName=STM32F103RBTx
PB10.Mode=Asynchronous
RCC.PLLCLKFreq_Value=64000000
PC13-TAMPER-RTC.GPIOParameters=GPIO_PuPd,GPIO_Label
PA14.GPIO_Label=TCK
PA3.GPIO_PuPd=GPIO_NOPULL
ProjectManager.functionlistsort=1-MX_GPIO_Init-GPIO-false-HAL-true,2-SystemClock_Config-RCC-false-HAL-false,3-MX_USART2_UART_Init-USART2-false-HAL-true,4-MX_USART1_UART_Init-USART1-false-HAL-true,5-MX_USART3_UART_Init-USART3-false-HAL-true
PC0.GPIOParameters=GPIO_Label
PA2.GPIO_Speed=GPIO_SPEED_FREQ_LOW
PC0.GPIO_Label=EN_485
RCC.RTCFreq_Value=32768
RCC.ADCFreqValue=32000000
PA3.GPIOParameters=GPIO_Speed,GPIO_PuPd,GPIO_Label,GPIO_Mode
NVIC.TIM1_UP_IRQn=true\:0\:0\:false\:false\:true\:false\:false\:true
USART1.IPParameters=VirtualMode
PA3.GPIO_Speed=GPIO_SPEED_FREQ_LOW
PB11.Signal=USART3_RX
PA2.GPIOParameters=GPIO_Speed,GPIO_PuPd,GPIO_Label,GPIO_Mode
PinOutPanel.RotationAngle=0
RCC.SYSCLKSource=RCC_SYSCLKSOURCE_PLLCLK
ProjectManager.StackSize=0x400
PD1-OSC_OUT.Locked=true
VP_FREERTOS_VS_CMSIS_V2.Mode=CMSIS_V2
SH.GPXTI13.0=GPIO_EXTI13
PD1-OSC_OUT.Signal=RCC_OSC_OUT
Mcu.IP4=USART1
RCC.FCLKCortexFreq_Value=64000000
Mcu.IP5=USART2
NVIC.SVCall_IRQn=true\:0\:0\:false\:false\:false\:false\:true\:false
Mcu.IP2=RCC
Mcu.IP3=SYS
Mcu.IP0=FREERTOS
Mcu.IP1=NVIC
Mcu.UserConstants=
SH.GPXTI13.ConfNb=1
Mcu.ThirdPartyNb=0
RCC.HCLKFreq_Value=64000000
Mcu.IPNb=7
ProjectManager.PreviousToolchain=
RCC.APB2TimFreq_Value=64000000
Mcu.Pin6=PA2
Mcu.Pin7=PA3
Mcu.Pin8=PA5
Mcu.Pin9=PB10
FREERTOS.IPParameters=Tasks01,FootprintOK,configTOTAL_HEAP_SIZE
RCC.AHBFreq_Value=64000000
Mcu.Pin0=PC13-TAMPER-RTC
Mcu.Pin1=PC14-OSC32_IN
Mcu.Pin2=PC15-OSC32_OUT
Mcu.Pin3=PD0-OSC_IN
Mcu.Pin4=PD1-OSC_OUT
NVIC.EXTI15_10_IRQn=true\:5\:0\:false\:false\:true\:true\:true\:true
Mcu.Pin5=PC0
ProjectManager.ProjectBuild=false
NVIC.UsageFault_IRQn=true\:0\:0\:false\:false\:true\:false\:true\:false
NVIC.DebugMonitor_IRQn=true\:0\:0\:false\:false\:true\:false\:true\:false
RCC.RTCClockSelection=RCC_RTCCLKSOURCE_LSE
NVIC.SysTick_IRQn=true\:15\:0\:false\:false\:false\:true\:true\:true
RCC.PLLMUL=RCC_PLL_MUL16
ProjectManager.FirmwarePackage=STM32Cube FW_F1 V1.8.4
MxDb.Version=DB.6.0.21
ProjectManager.BackupPrevious=false
PC14-OSC32_IN.Mode=LSE-External-Oscillator
PA14.Mode=Serial_Wire
VP_SYS_VS_tim1.Mode=TIM1
PA5.GPIO_PuPd=GPIO_NOPULL
File.Version=6
PB3.GPIOParameters=GPIO_Label
NVIC.PendSV_IRQn=true\:15\:0\:false\:false\:false\:true\:true\:false
ProjectManager.HalAssertFull=false
FREERTOS.configTOTAL_HEAP_SIZE=6072
ProjectManager.ProjectName=ModbusF103
PA13.GPIOParameters=GPIO_Label
RCC.PLLMCOFreq_Value=32000000
Mcu.Package=LQFP64
PA5.Locked=true
NVIC.TimeBase=TIM1_UP_IRQn
USART2.VirtualMode=VM_ASYNC
PA14.Locked=true
PC13-TAMPER-RTC.GPIO_PuPd=GPIO_NOPULL
ProjectManager.ToolChainLocation=
PA2.GPIO_Label=USART_TX
NVIC.TimeBaseIP=TIM1
USART3.IPParameters=VirtualMode
PA10.Signal=USART1_RX
FREERTOS.FootprintOK=true
PA5.GPIOParameters=GPIO_Speed,GPIO_PuPd,GPIO_Label,GPIO_ModeDefaultOutputPP
RCC.APB1TimFreq_Value=64000000
NVIC.BusFault_IRQn=true\:0\:0\:false\:false\:true\:false\:true\:false
NVIC.USART1_IRQn=true\:5\:0\:false\:false\:true\:true\:true\:true
ProjectManager.CustomerFirmwarePackage=
PC14-OSC32_IN.Locked=true
PB3.Locked=true
PA3.Signal=USART2_RX
PA2.GPIO_Mode=GPIO_MODE_AF_PP
PA2.Locked=true
PB3.GPIO_Label=SWO
PC15-OSC32_OUT.Mode=LSE-External-Oscillator
ProjectManager.ProjectFileName=ModbusF103.ioc
FREERTOS.Tasks01=defaultTask,24,128,StartDefaultTask,Default,NULL,Dynamic,NULL,NULL;myTaskMaster,8,128,StartTaskMaster,Default,NULL,Dynamic,NULL,NULL;myTaskSlave,8,128,StartTaskSlave,Default,NULL,Dynamic,NULL,NULL
PD1-OSC_OUT.Mode=HSE-External-Clock-Source
PA10.Mode=Asynchronous
Mcu.PinsNb=18
ProjectManager.NoMain=false
NVIC.SavedSvcallIrqHandlerGenerated=true
PC13-TAMPER-RTC.Signal=GPXTI13
ProjectManager.DefaultFWLocation=true
PD0-OSC_IN.Signal=RCC_OSC_IN
ProjectManager.DeletePrevious=true
PC0.Signal=GPIO_Output
RCC.APB1CLKDivider=RCC_HCLK_DIV2
PC14-OSC32_IN.Signal=RCC_OSC32_IN
boardIOC=true
NVIC.USART2_IRQn=true\:5\:0\:false\:false\:true\:true\:true\:true
RCC.FamilyName=M
PA13.Signal=SYS_JTMS-SWDIO
PA3.Mode=Asynchronous
PA9.Mode=Asynchronous
PC15-OSC32_OUT.Locked=true
PB11.Mode=Asynchronous
ProjectManager.TargetToolchain=STM32CubeIDE
PA3.GPIO_Mode=GPIO_MODE_AF_PP
PA9.Signal=USART1_TX
ProjectManager.RegisterCallBack=
PC13-TAMPER-RTC.Locked=true
RCC.USBFreq_Value=64000000
PC15-OSC32_OUT.Signal=RCC_OSC32_OUT
PD0-OSC_IN.Mode=HSE-External-Clock-Source
PB10.Signal=USART3_TX
PA5.Signal=GPIO_Output
board=NUCLEO-F103RB
ProjectManager.LastFirmware=true
PC13-TAMPER-RTC.GPIO_Label=B1 [Blue PushButton]
RCC.VCOOutput2Freq_Value=4000000
NVIC.SavedSystickIrqHandlerGenerated=true
RCC.APB2Freq_Value=64000000
MxCube.Version=6.2.1
PA5.GPIO_ModeDefaultOutputPP=GPIO_MODE_OUTPUT_PP
VP_SYS_VS_tim1.Signal=SYS_VS_tim1
NVIC.NonMaskableInt_IRQn=true\:0\:0\:false\:false\:true\:false\:true\:false
PA13.Mode=Serial_Wire
ProjectManager.FreePins=false
RCC.IPParameters=ADCFreqValue,AHBFreq_Value,APB1CLKDivider,APB1Freq_Value,APB1TimFreq_Value,APB2Freq_Value,APB2TimFreq_Value,FCLKCortexFreq_Value,FamilyName,HCLKFreq_Value,MCOFreq_Value,PLLCLKFreq_Value,PLLMCOFreq_Value,PLLMUL,RTCClockSelection,RTCFreq_Value,SYSCLKFreq_VALUE,SYSCLKSource,TimSysFreq_Value,USBFreq_Value,VCOOutput2Freq_Value
ProjectManager.AskForMigrate=true
Mcu.Name=STM32F103R(8-B)Tx
NVIC.SavedPendsvIrqHandlerGenerated=true
PA13.GPIO_Label=TMS
PA2.Signal=USART2_TX
ProjectManager.UnderRoot=true
VP_FREERTOS_VS_CMSIS_V2.Signal=FREERTOS_VS_CMSIS_V2
Mcu.IP6=USART3
ProjectManager.CoupleFile=true
PB3.Signal=SYS_JTDO-TRACESWO
RCC.SYSCLKFreq_VALUE=64000000
RCC.TimSysFreq_Value=64000000
PA3.Locked=true
PA5.GPIO_Label=LD2 [Green Led]
NVIC.ForceEnableDMAVector=true
KeepUserPlacement=false
USART3.VirtualMode=VM_ASYNC
PA14.GPIOParameters=GPIO_Label
NVIC.MemoryManagement_IRQn=true\:0\:0\:false\:false\:true\:false\:true\:false
PA13.Locked=true
USART1.VirtualMode=VM_ASYNC
ProjectManager.CompilerOptimize=6
PA14.Signal=SYS_JTCK-SWCLK
ProjectManager.HeapSize=0x200
Mcu.Pin15=PB3
NVIC.HardFault_IRQn=true\:0\:0\:false\:false\:true\:false\:true\:false
Mcu.Pin16=VP_FREERTOS_VS_CMSIS_V2
Mcu.Pin13=PA13
Mcu.Pin14=PA14
ProjectManager.ComputerToolchain=false
Mcu.Pin17=VP_SYS_VS_tim1
PA5.GPIO_Speed=GPIO_SPEED_FREQ_LOW
NVIC.PriorityGroup=NVIC_PRIORITYGROUP_4
Mcu.Pin11=PA9
Mcu.Pin12=PA10
Mcu.Pin10=PB11
PA2.Mode=Asynchronous
RCC.APB1Freq_Value=32000000
PD0-OSC_IN.Locked=true
PC0.Locked=true
ProjectManager.DeviceId=STM32F103RBTx
ProjectManager.LibraryCopy=1
PA3.GPIO_Label=USART_RX
isbadioc=false
