#MicroXplorer Configuration settings - do not modify
Mcu.Family=STM32H7
LWIP0.BSP.mode=
NVIC.USART3_IRQn=true\:5\:0\:false\:false\:true\:true\:true\:true
RCC.DIVQ2Freq_Value=8062500
ProjectManager.MainLocation=Core/Src
PB13.GPIOParameters=GPIO_Speed
LWIP0.BSP.STBoard=false
RCC.SAI1Freq_Value=400000000
RCC.CortexFreq_Value=400000000
ProjectManager.KeepUserCode=true
Mcu.UserName=STM32H743ZITx
PB10.Mode=Asynchronous
RCC.HPRE=RCC_HCLK_DIV2
CORTEX_M7.TypeExtField-Cortex_Memory_Protection_Unit_Region0_Settings=MPU_TEX_LEVEL0
ProjectManager.functionlistsort=1-MX_GPIO_Init-GPIO-false-HAL-true,2-SystemClock_Config-RCC-false-HAL-false,3-MX_LWIP_Init-LWIP-false-HAL-false,4-MX_USART3_UART_Init-USART3-false-HAL-true,0-MX_CORTEX_M7_Init-CORTEX_M7-false-HAL-true
PA2.GPIO_Speed=GPIO_SPEED_FREQ_VERY_HIGH
RCC.RTCFreq_Value=32000
RCC.CpuClockFreq_Value=400000000
RCC.VCO2OutputFreq_Value=16125000
PC5.Mode=RMII
PB11.Signal=USART3_RX
PB13.Signal=ETH_TXD1
PG13.Signal=ETH_TXD0
PA2.GPIOParameters=GPIO_Speed
PinOutPanel.RotationAngle=0
PG11.Signal=ETH_TX_EN
RCC.MCO1PinFreq_Value=64000000
RCC.SYSCLKSource=RCC_SYSCLKSOURCE_PLLCLK
ProjectManager.StackSize=0x400
RCC.AHB4Freq_Value=200000000
VP_FREERTOS_VS_CMSIS_V2.Mode=CMSIS_V2
RCC.VCOInput3Freq_Value=125000
LWIP.NETMASK_ADDRESS=255.255.255.000
USART3.VirtualMode-Asynchronous=VM_ASYNC
RCC.LPTIM1Freq_Value=100000000
Mcu.IP4=NVIC
Mcu.IP5=RCC
Mcu.IP2=FREERTOS
NVIC.SVCall_IRQn=true\:0\:0\:false\:false\:false\:false\:false\:false
Mcu.IP3=LWIP
Mcu.IP0=CORTEX_M7
CORTEX_M7.Enable-Cortex_Memory_Protection_Unit_Region0_Settings=MPU_REGION_ENABLE
Mcu.IP1=ETH
CORTEX_M7.IsBufferable-Cortex_Memory_Protection_Unit_Region1_Settings=MPU_ACCESS_NOT_BUFFERABLE
Mcu.UserConstants=
PC1.GPIOParameters=GPIO_Speed
RCC.DIVP3Freq_Value=8062500
RCC.SDMMCFreq_Value=400000000
LWIP.IPParameters=LWIP_DHCP,IP_ADDRESS,NETMASK_ADDRESS,MEM_SIZE
Mcu.ThirdPartyNb=0
NVIC.TIM17_IRQn=true\:0\:0\:false\:false\:true\:false\:false\:true
RCC.HCLKFreq_Value=200000000
RCC.I2C4Freq_Value=100000000
Mcu.IPNb=8
ProjectManager.PreviousToolchain=
RCC.SPDIFRXFreq_Value=400000000
RCC.DIVQ3Freq_Value=8062500
Mcu.Pin6=PB10
Mcu.Pin7=PB11
Mcu.Pin8=PB13
Mcu.Pin9=PG11
FREERTOS.IPParameters=Tasks01,FootprintOK
Mcu.Pin0=PC1
Mcu.Pin1=PA1
NVIC.ETH_IRQn=true\:5\:0\:false\:false\:true\:true\:true\:true
Mcu.Pin2=PA2
RCC.HRTIMFreq_Value=200000000
Mcu.Pin3=PA7
Mcu.Pin4=PC4
Mcu.Pin5=PC5
ProjectManager.ProjectBuild=false
RCC.DIVR3Freq_Value=8062500
PG13.Locked=true
NVIC.UsageFault_IRQn=true\:0\:0\:false\:false\:true\:false\:false\:false
LWIP0.BSP.condition=
NVIC.DebugMonitor_IRQn=true\:0\:0\:false\:false\:true\:false\:false\:false
NVIC.SysTick_IRQn=true\:15\:0\:false\:false\:false\:true\:false\:true
RCC.DIVM1=1
PG11.GPIO_Speed=GPIO_SPEED_FREQ_VERY_HIGH
ProjectManager.FirmwarePackage=STM32Cube FW_H7 V1.9.0
PC4.GPIO_Speed=GPIO_SPEED_FREQ_VERY_HIGH
MxDb.Version=DB.6.0.21
RCC.DIVP1Freq_Value=400000000
LWIP.MEM_SIZE=10*1024
ProjectManager.BackupPrevious=false
RCC.FMCFreq_Value=200000000
VP_SYS_VS_tim17.Signal=SYS_VS_tim17
RCC.USART16Freq_Value=100000000
File.Version=6
PG13.Mode=RMII
NVIC.PendSV_IRQn=true\:15\:0\:false\:false\:false\:true\:false\:false
LWIP0.BSP.solution=LAN8742
RCC.DIVR2Freq_Value=8062500
CORTEX_M7.DisableExec-Cortex_Memory_Protection_Unit_Region0_Settings=MPU_INSTRUCTION_ACCESS_ENABLE
ProjectManager.HalAssertFull=false
RCC.DIVP2Freq_Value=8062500
ProjectManager.ProjectName=ModbusH743TCP
CORTEX_M7.DisableExec-Cortex_Memory_Protection_Unit_Region1_Settings=MPU_INSTRUCTION_ACCESS_ENABLE
RCC.APB3Freq_Value=100000000
LWIP0.BSP.i2creg=
LWIP0.BSP.component=LAN8742
RCC.MCO2PinFreq_Value=400000000
Mcu.Package=LQFP144
NVIC.TimeBase=TIM17_IRQn
RCC.D1PPRE=RCC_APB3_DIV2
PG13.GPIOParameters=GPIO_Speed
PG11.Locked=true
CORTEX_M7.BaseAddress-Cortex_Memory_Protection_Unit_Region1_Settings=0x30044000
ProjectManager.ToolChainLocation=
NVIC.TimeBaseIP=TIM17
USART3.IPParameters=VirtualMode-Asynchronous
FREERTOS.FootprintOK=true
RCC.DFSDMFreq_Value=100000000
RCC.DIVR1Freq_Value=400000000
CORTEX_M7.Size-Cortex_Memory_Protection_Unit_Region1_Settings=MPU_REGION_SIZE_16KB
RCC.TraceFreq_Value=64000000
RCC.APB4Freq_Value=100000000
RCC.CECFreq_Value=32000
RCC.SAI23Freq_Value=400000000
CORTEX_M7.Enable-Cortex_Memory_Protection_Unit_Region1_Settings=MPU_REGION_ENABLE
NVIC.BusFault_IRQn=true\:0\:0\:false\:false\:true\:false\:false\:false
RCC.LPUART1Freq_Value=100000000
PG13.GPIO_Speed=GPIO_SPEED_FREQ_VERY_HIGH
PC5.Signal=ETH_RXD1
PB13.Mode=RMII
CORTEX_M7.IsShareable-Cortex_Memory_Protection_Unit_Region1_Settings=MPU_ACCESS_SHAREABLE
ProjectManager.CustomerFirmwarePackage=
PC4.GPIOParameters=GPIO_Speed
RCC.Tim2OutputFreq_Value=200000000
CORTEX_M7.IsBufferable-Cortex_Memory_Protection_Unit_Region0_Settings=MPU_ACCESS_BUFFERABLE
PC4.Mode=RMII
VP_LWIP_VS_Enabled.Signal=LWIP_VS_Enabled
RCC.DFSDMACLkFreq_Value=400000000
LWIP.IP_ADDRESS=192.168.000.012
RCC.VCO3OutputFreq_Value=16125000
RCC.PLLSourceVirtual=RCC_PLLSOURCE_CSI
ProjectManager.ProjectFileName=ModbusH743TCP.ioc
CORTEX_M7.CPU_ICache=Enabled
FREERTOS.Tasks01=defaultTask,24,256,StartDefaultTask,Default,NULL,Dynamic,NULL,NULL
PA7.Mode=RMII
LWIP0.BSP.i2caddr=0
Mcu.PinsNb=14
ProjectManager.NoMain=false
VP_SYS_VS_tim17.Mode=TIM17
NVIC.SavedSvcallIrqHandlerGenerated=true
RCC.SWPMI1Freq_Value=100000000
RCC.SAI4BFreq_Value=400000000
PC4.Signal=ETH_RXD0
RCC.D2PPRE2=RCC_APB2_DIV2
RCC.D2PPRE1=RCC_APB1_DIV2
ProjectManager.DefaultFWLocation=true
LWIP.LWIP_DHCP=0
ProjectManager.DeletePrevious=true
RCC.QSPIFreq_Value=200000000
RCC.FamilyName=M
VP_LWIP_VS_Enabled.Mode=Enabled
ETH.IPParameters=MediaInterface
RCC.SPI6Freq_Value=100000000
RCC.D1CPREFreq_Value=400000000
CORTEX_M7.MPU_Control=MPU_PRIVILEGED_DEFAULT
RCC.USART234578Freq_Value=100000000
RCC.SPI45Freq_Value=100000000
RCC.Tim1OutputFreq_Value=200000000
RCC.SPI123Freq_Value=400000000
PB11.Mode=Asynchronous
ProjectManager.TargetToolchain=STM32CubeIDE
CORTEX_M7.TypeExtField-Cortex_Memory_Protection_Unit_Region1_Settings=MPU_TEX_LEVEL1
RCC.VCO1OutputFreq_Value=800000000
PC5.GPIOParameters=GPIO_Speed
RCC.AXIClockFreq_Value=200000000
RCC.DIVN1=200
PB13.GPIO_Speed=GPIO_SPEED_FREQ_VERY_HIGH
CORTEX_M7.BaseAddress-Cortex_Memory_Protection_Unit_Region0_Settings=0x30040000
LWIP0.BSP.instance=LAN8742
ProjectManager.RegisterCallBack=
RCC.USBFreq_Value=400000000
LWIP0.BSP.api=BSP_COMPONENT_DRIVER
PA1.Signal=ETH_REF_CLK
RCC.CKPERFreq_Value=64000000
LWIP0.BSP.ip=
LWIP0.BSP.semaphore=
PB10.Signal=USART3_TX
board=custom
ProjectManager.LastFirmware=true
RCC.VCOInput1Freq_Value=4000000
NVIC.SavedSystickIrqHandlerGenerated=true
RCC.AHB12Freq_Value=200000000
RCC.APB2Freq_Value=100000000
PA1.Mode=RMII
MxCube.Version=6.2.1
RCC.FDCANFreq_Value=400000000
RCC.RNGFreq_Value=48000000
CORTEX_M7.IsShareable-Cortex_Memory_Protection_Unit_Region0_Settings=MPU_ACCESS_NOT_SHAREABLE
RCC.ADCFreq_Value=8062500
CORTEX_M7.AccessPermission-Cortex_Memory_Protection_Unit_Region0_Settings=MPU_REGION_FULL_ACCESS
PC1.GPIO_Speed=GPIO_SPEED_FREQ_LOW
NVIC.NonMaskableInt_IRQn=true\:0\:0\:false\:false\:true\:false\:false\:false
ProjectManager.FreePins=false
RCC.IPParameters=ADCFreq_Value,AHB12Freq_Value,AHB4Freq_Value,APB1Freq_Value,APB2Freq_Value,APB3Freq_Value,APB4Freq_Value,AXIClockFreq_Value,CECFreq_Value,CKPERFreq_Value,CortexFreq_Value,CpuClockFreq_Value,D1CPREFreq_Value,D1PPRE,D2PPRE1,D2PPRE2,D3PPRE,DFSDMACLkFreq_Value,DFSDMFreq_Value,DIVM1,DIVN1,DIVP1Freq_Value,DIVP2Freq_Value,DIVP3Freq_Value,DIVQ1Freq_Value,DIVQ2Freq_Value,DIVQ3Freq_Value,DIVR1Freq_Value,DIVR2Freq_Value,DIVR3Freq_Value,FDCANFreq_Value,FMCFreq_Value,FamilyName,HCLK3ClockFreq_Value,HCLKFreq_Value,HPRE,HRTIMFreq_Value,I2C123Freq_Value,I2C4Freq_Value,LPTIM1Freq_Value,LPTIM2Freq_Value,LPTIM345Freq_Value,LPUART1Freq_Value,LTDCFreq_Value,MCO1PinFreq_Value,MCO2PinFreq_Value,PLLSourceVirtual,QSPIFreq_Value,RNGFreq_Value,RTCFreq_Value,SAI1Freq_Value,SAI23Freq_Value,SAI4AFreq_Value,SAI4BFreq_Value,SDMMCFreq_Value,SPDIFRXFreq_Value,SPI123Freq_Value,SPI45Freq_Value,SPI6Freq_Value,SWPMI1Freq_Value,SYSCLKFreq_VALUE,SYSCLKSource,Tim1OutputFreq_Value,Tim2OutputFreq_Value,TraceFreq_Value,USART16Freq_Value,USART234578Freq_Value,USBFreq_Value,VCO1OutputFreq_Value,VCO2OutputFreq_Value,VCO3OutputFreq_Value,VCOInput1Freq_Value,VCOInput2Freq_Value,VCOInput3Freq_Value
ProjectManager.AskForMigrate=true
Mcu.Name=STM32H743ZITx
RCC.LPTIM2Freq_Value=100000000
CORTEX_M7.Size-Cortex_Memory_Protection_Unit_Region0_Settings=MPU_REGION_SIZE_256B
NVIC.SavedPendsvIrqHandlerGenerated=true
PA2.Signal=ETH_MDIO
CORTEX_M7.AccessPermission-Cortex_Memory_Protection_Unit_Region1_Settings=MPU_REGION_FULL_ACCESS
ProjectManager.UnderRoot=true
CORTEX_M7.IPParameters=CPU_DCache,CPU_ICache,MPU_Control,Enable-Cortex_Memory_Protection_Unit_Region0_Settings,BaseAddress-Cortex_Memory_Protection_Unit_Region0_Settings,TypeExtField-Cortex_Memory_Protection_Unit_Region0_Settings,DisableExec-Cortex_Memory_Protection_Unit_Region0_Settings,Enable-Cortex_Memory_Protection_Unit_Region1_Settings,BaseAddress-Cortex_Memory_Protection_Unit_Region1_Settings,Size-Cortex_Memory_Protection_Unit_Region1_Settings,DisableExec-Cortex_Memory_Protection_Unit_Region1_Settings,AccessPermission-Cortex_Memory_Protection_Unit_Region0_Settings,AccessPermission-Cortex_Memory_Protection_Unit_Region1_Settings,Size-Cortex_Memory_Protection_Unit_Region0_Settings,IsShareable-Cortex_Memory_Protection_Unit_Region1_Settings,IsShareable-Cortex_Memory_Protection_Unit_Region0_Settings,IsBufferable-Cortex_Memory_Protection_Unit_Region1_Settings,IsBufferable-Cortex_Memory_Protection_Unit_Region0_Settings,TypeExtField-Cortex_Memory_Protection_Unit_Region1_Settings
VP_FREERTOS_VS_CMSIS_V2.Signal=FREERTOS_VS_CMSIS_V2
Mcu.IP6=SYS
Mcu.IP7=USART3
ProjectManager.CoupleFile=true
RCC.SYSCLKFreq_VALUE=400000000
ETH.MediaInterface=HAL_ETH_RMII_MODE
RCC.I2C123Freq_Value=100000000
NVIC.ForceEnableDMAVector=true
KeepUserPlacement=false
LWIP.BSP.number=1
NVIC.MemoryManagement_IRQn=true\:0\:0\:false\:false\:true\:false\:false\:false
ProjectManager.CompilerOptimize=6
PG11.Mode=RMII
ProjectManager.HeapSize=0x200
NVIC.HardFault_IRQn=true\:0\:0\:false\:false\:true\:false\:false\:false
LWIP.Version=v2.1.2_Cube
Mcu.Pin13=VP_SYS_VS_tim17
RCC.LPTIM345Freq_Value=100000000
ProjectManager.ComputerToolchain=false
RCC.LTDCFreq_Value=8062500
RCC.SAI4AFreq_Value=400000000
NVIC.PriorityGroup=NVIC_PRIORITYGROUP_4
Mcu.Pin11=VP_FREERTOS_VS_CMSIS_V2
PC5.GPIO_Speed=GPIO_SPEED_FREQ_VERY_HIGH
Mcu.Pin12=VP_LWIP_VS_Enabled
Mcu.Pin10=PG13
RCC.DIVQ1Freq_Value=400000000
PA2.Mode=RMII
RCC.D3PPRE=RCC_APB4_DIV2
CORTEX_M7.CPU_DCache=Enabled
LWIP0.BSP.name=Driver_PHY
RCC.HCLK3ClockFreq_Value=200000000
RCC.VCOInput2Freq_Value=125000
RCC.APB1Freq_Value=100000000
ProjectManager.DeviceId=STM32H743ZITx
PC1.Signal=ETH_MDC
ProjectManager.LibraryCopy=1
PC1.Mode=RMII
PG11.GPIOParameters=GPIO_Speed
PA7.Signal=ETH_CRS_DV
isbadioc=false
