#MicroXplorer Configuration settings - do not modify
Mcu.Family=STM32L1
ProjectManager.MainLocation=Core/Src
PH0-OSC_IN.Locked=true
PH0-OSC_IN.Signal=RCC_OSC_IN
USART2.IPParameters=VirtualMode
NVIC.DMA1_Channel5_IRQn=true\:5\:0\:false\:false\:true\:true\:false\:true
ProjectManager.KeepUserCode=true
Mcu.UserName=STM32L152RETx
Dma.USART1_TX.3.MemInc=DMA_MINC_ENABLE
Dma.USART1_TX.3.MemDataAlignment=DMA_MDATAALIGN_BYTE
Dma.USART2_TX.1.MemInc=DMA_MINC_ENABLE
USART1.BaudRate=2000000
RCC.PLLCLKFreq_Value=32000000
PA14.GPIO_Label=TCK
Dma.USART1_RX.2.Instance=DMA1_Channel5
Dma.USART1_TX.3.Direction=DMA_MEMORY_TO_PERIPH
ProjectManager.functionlistsort=1-MX_GPIO_Init-GPIO-false-HAL-true,2-MX_DMA_Init-DMA-false-HAL-true,3-SystemClock_Config-RCC-false-HAL-false,4-MX_USART2_UART_Init-USART2-false-HAL-true,5-MX_USART1_UART_Init-USART1-false-HAL-true
RCC.RTCFreq_Value=32768
PA3.GPIOParameters=GPIO_Label
NVIC.SVC_IRQn=true\:0\:0\:false\:false\:false\:false\:true\:false
USART1.IPParameters=VirtualMode,BaudRate
Dma.USART2_TX.1.RequestParameters=Instance,Direction,PeriphInc,MemInc,PeriphDataAlignment,MemDataAlignment,Mode,Priority
PA2.GPIOParameters=GPIO_Label
PinOutPanel.RotationAngle=0
RCC.SYSCLKSource=RCC_SYSCLKSOURCE_PLLCLK
ProjectManager.StackSize=0x400
VP_FREERTOS_VS_CMSIS_V2.Mode=CMSIS_V2
SH.GPXTI13.0=GPIO_EXTI13
Mcu.IP4=SYS
RCC.FCLKCortexFreq_Value=32000000
Mcu.IP5=USART1
Mcu.IP2=NVIC
NVIC.TIM11_IRQn=true\:0\:0\:false\:false\:true\:false\:false\:true
Mcu.IP3=RCC
Mcu.IP0=DMA
Mcu.IP1=FREERTOS
RCC.PLLDIV=RCC_PLL_DIV3
Mcu.UserConstants=
SH.GPXTI13.ConfNb=1
Dma.USART2_RX.0.Priority=DMA_PRIORITY_LOW
Mcu.ThirdPartyNb=0
Dma.USART2_RX.0.PeriphDataAlignment=DMA_PDATAALIGN_BYTE
RCC.HCLKFreq_Value=32000000
Mcu.IPNb=7
ProjectManager.PreviousToolchain=
PC13-WKUP2.GPIO_Label=B1 [Blue PushButton]
RCC.APB2TimFreq_Value=32000000
Dma.USART2_TX.1.Mode=DMA_NORMAL
Dma.USART1_TX.3.Mode=DMA_NORMAL
Mcu.Pin6=PA3
Mcu.Pin7=PA5
Mcu.Pin8=PA9
Mcu.Pin9=PA10
FREERTOS.IPParameters=Tasks01,FootprintOK
RCC.AHBFreq_Value=32000000
PH0-OSC_IN.Mode=HSE-External-Clock-Source
Mcu.Pin0=PC13-WKUP2
Mcu.Pin1=PC14-OSC32_IN
Mcu.Pin2=PC15-OSC32_OUT
Mcu.Pin3=PH0-OSC_IN
Mcu.Pin4=PH1-OSC_OUT
Mcu.Pin5=PA2
ProjectManager.ProjectBuild=false
RCC.HSE_VALUE=8000000
PC13-WKUP2.Signal=GPXTI13
NVIC.UsageFault_IRQn=true\:0\:0\:false\:false\:true\:false\:true\:false
NVIC.DebugMonitor_IRQn=true\:0\:0\:false\:false\:true\:false\:true\:false
NVIC.SysTick_IRQn=true\:15\:0\:true\:false\:false\:true\:true\:true
RCC.PLLMUL=RCC_PLL_MUL6
PC13-WKUP2.GPIOParameters=GPIO_Label
ProjectManager.FirmwarePackage=STM32Cube FW_L1 V1.10.3
MxDb.Version=DB.6.0.21
ProjectManager.BackupPrevious=false
Dma.USART2_RX.0.MemDataAlignment=DMA_MDATAALIGN_BYTE
PC14-OSC32_IN.Mode=LSE-External-Oscillator
RCC.RTCClockSelectionVirtual=RCC_RTCCLKSOURCE_LSE
PA14.Mode=Serial_Wire
Dma.USART2_TX.1.Instance=DMA1_Channel7
Dma.USART1_TX.3.PeriphInc=DMA_PINC_DISABLE
File.Version=6
Dma.USART2_RX.0.Instance=DMA1_Channel6
PH1-OSC_OUT.Locked=true
PB3.GPIOParameters=GPIO_Label
NVIC.PendSV_IRQn=true\:15\:0\:false\:false\:false\:true\:true\:false
Dma.RequestsNb=4
ProjectManager.HalAssertFull=false
Dma.USART1_TX.3.Instance=DMA1_Channel4
ProjectManager.ProjectName=ModbusL152DMA
PA13.GPIOParameters=GPIO_Label
Mcu.Package=LQFP64
PA5.Locked=true
NVIC.TimeBase=TIM11_IRQn
Dma.USART2_RX.0.PeriphInc=DMA_PINC_DISABLE
USART2.VirtualMode=VM_ASYNC
RCC.USBOutput=48000000
PA14.Locked=true
ProjectManager.ToolChainLocation=
PA2.GPIO_Label=USART_TX
RCC.LSI_VALUE=37000
NVIC.TimeBaseIP=TIM11
PA10.Signal=USART1_RX
FREERTOS.FootprintOK=true
PA5.GPIOParameters=GPIO_Label
Dma.Request2=USART1_RX
Dma.Request1=USART2_TX
RCC.APB1TimFreq_Value=32000000
NVIC.BusFault_IRQn=true\:0\:0\:false\:false\:true\:false\:true\:false
Dma.Request3=USART1_TX
NVIC.DMA1_Channel4_IRQn=true\:5\:0\:false\:false\:true\:true\:false\:true
NVIC.USART1_IRQn=true\:5\:0\:false\:false\:true\:true\:true\:true
Dma.Request0=USART2_RX
ProjectManager.CustomerFirmwarePackage=
PC14-OSC32_IN.Locked=true
Dma.USART1_RX.2.MemDataAlignment=DMA_MDATAALIGN_BYTE
PB3.Locked=true
PA3.Signal=USART2_RX
RCC.TIMFreq_Value=32000000
PA2.Locked=true
PB3.GPIO_Label=SWO
RCC.MSI_VALUE=2097000
PC15-OSC32_OUT.Mode=LSE-External-Oscillator
NVIC.DMA1_Channel6_IRQn=true\:5\:0\:false\:false\:true\:true\:false\:true
Dma.USART2_TX.1.Priority=DMA_PRIORITY_LOW
ProjectManager.ProjectFileName=ModbusL152DMA.ioc
FREERTOS.Tasks01=defaultTask,24,128,StartDefaultTask,Default,NULL,Dynamic,NULL,NULL;TaskModbusMaste,8,128,StartModbusMaster,Default,NULL,Dynamic,NULL,NULL
PA10.Mode=Asynchronous
Mcu.PinsNb=15
ProjectManager.NoMain=false
NVIC.SavedSvcallIrqHandlerGenerated=true
Dma.USART2_RX.0.Direction=DMA_PERIPH_TO_MEMORY
ProjectManager.DefaultFWLocation=true
ProjectManager.DeletePrevious=true
PC14-OSC32_IN.Signal=RCC_OSC32_IN
Dma.USART1_TX.3.RequestParameters=Instance,Direction,PeriphInc,MemInc,PeriphDataAlignment,MemDataAlignment,Mode,Priority
RCC.TimerFreq_Value=32000000
boardIOC=true
Dma.USART2_TX.1.PeriphDataAlignment=DMA_PDATAALIGN_BYTE
Dma.USART1_RX.2.PeriphInc=DMA_PINC_DISABLE
NVIC.USART2_IRQn=true\:5\:0\:false\:false\:true\:true\:true\:true
RCC.FamilyName=M
Dma.USART2_RX.0.Mode=DMA_NORMAL
PA13.Signal=SYS_JTMS-SWDIO
PA3.Mode=Asynchronous
PA9.Mode=Asynchronous
PC15-OSC32_OUT.Locked=true
ProjectManager.TargetToolchain=STM32CubeIDE
Dma.USART1_RX.2.Mode=DMA_NORMAL
Dma.USART1_RX.2.PeriphDataAlignment=DMA_PDATAALIGN_BYTE
PA9.Signal=USART1_TX
Dma.USART1_TX.3.PeriphDataAlignment=DMA_PDATAALIGN_BYTE
ProjectManager.RegisterCallBack=
PC15-OSC32_OUT.Signal=RCC_OSC32_OUT
PA5.Signal=GPIO_Output
RCC.MCOPinFreq_Value=32000000
Dma.USART2_TX.1.PeriphInc=DMA_PINC_DISABLE
board=NUCLEO-L152RE
RCC.VCOOutputFreq_Value=96000000
ProjectManager.LastFirmware=true
Dma.USART1_RX.2.Priority=DMA_PRIORITY_LOW
VP_SYS_VS_tim11.Signal=SYS_VS_tim11
Dma.USART2_TX.1.Direction=DMA_MEMORY_TO_PERIPH
NVIC.SavedSystickIrqHandlerGenerated=true
RCC.APB2Freq_Value=32000000
Dma.USART1_RX.2.Direction=DMA_PERIPH_TO_MEMORY
MxCube.Version=6.2.1
RCC.LCDFreq_Value=32768
PH1-OSC_OUT.Signal=RCC_OSC_OUT
NVIC.NonMaskableInt_IRQn=true\:0\:0\:false\:false\:true\:false\:true\:false
PA13.Mode=Serial_Wire
ProjectManager.FreePins=false
RCC.IPParameters=48MHZClocksFreq_Value,AHBFreq_Value,APB1Freq_Value,APB1TimFreq_Value,APB2Freq_Value,APB2TimFreq_Value,FCLKCortexFreq_Value,FamilyName,HCLKFreq_Value,HSE_VALUE,HSI_VALUE,LCDFreq_Value,LSI_VALUE,MCOPinFreq_Value,MSI_VALUE,PLLCLKFreq_Value,PLLDIV,PLLMUL,PWRFreq_Value,RTCClockSelectionVirtual,RTCFreq_Value,RTCHSEDivFreq_Value,SYSCLKFreq_VALUE,SYSCLKSource,TIMFreq_Value,TimerFreq_Value,USBOutput,VCOOutputFreq_Value
ProjectManager.AskForMigrate=true
VP_SYS_VS_tim11.Mode=TIM11
Mcu.Name=STM32L152RETx
Dma.USART2_RX.0.MemInc=DMA_MINC_ENABLE
Dma.USART1_RX.2.MemInc=DMA_MINC_ENABLE
NVIC.SavedPendsvIrqHandlerGenerated=true
RCC.RTCHSEDivFreq_Value=4000000
Dma.USART1_TX.3.Priority=DMA_PRIORITY_LOW
PA13.GPIO_Label=TMS
PA2.Signal=USART2_TX
ProjectManager.UnderRoot=true
VP_FREERTOS_VS_CMSIS_V2.Signal=FREERTOS_VS_CMSIS_V2
Mcu.IP6=USART2
ProjectManager.CoupleFile=true
RCC.48MHZClocksFreq_Value=48000000
PB3.Signal=SYS_JTDO-TRACESWO
RCC.SYSCLKFreq_VALUE=32000000
PA3.Locked=true
PC13-WKUP2.Locked=true
PA5.GPIO_Label=LD2 [Green Led]
NVIC.ForceEnableDMAVector=true
KeepUserPlacement=false
PA14.GPIOParameters=GPIO_Label
NVIC.MemoryManagement_IRQn=true\:0\:0\:false\:false\:true\:false\:true\:false
PA13.Locked=true
USART1.VirtualMode=VM_ASYNC
ProjectManager.CompilerOptimize=6
PA14.Signal=SYS_JTCK-SWCLK
ProjectManager.HeapSize=0x200
NVIC.HardFault_IRQn=true\:0\:0\:false\:false\:true\:false\:true\:false
Mcu.Pin13=VP_FREERTOS_VS_CMSIS_V2
Mcu.Pin14=VP_SYS_VS_tim11
ProjectManager.ComputerToolchain=false
RCC.HSI_VALUE=16000000
NVIC.PriorityGroup=NVIC_PRIORITYGROUP_4
Mcu.Pin11=PA14
Mcu.Pin12=PB3
Mcu.Pin10=PA13
Dma.USART1_RX.2.RequestParameters=Instance,Direction,PeriphInc,MemInc,PeriphDataAlignment,MemDataAlignment,Mode,Priority
PA2.Mode=Asynchronous
RCC.PWRFreq_Value=32000000
NVIC.DMA1_Channel7_IRQn=true\:5\:0\:false\:false\:true\:true\:false\:true
Dma.USART2_TX.1.MemDataAlignment=DMA_MDATAALIGN_BYTE
RCC.APB1Freq_Value=32000000
Dma.USART2_RX.0.RequestParameters=Instance,Direction,PeriphInc,MemInc,PeriphDataAlignment,MemDataAlignment,Mode,Priority
ProjectManager.DeviceId=STM32L152RETx
ProjectManager.LibraryCopy=1
PA3.GPIO_Label=USART_RX
isbadioc=false
